// !$*UTF8*$!
{
	archiveVersion = 1;
	classes = {
	};
	objectVersion = 46;
	objects = {

/* Begin PBXBuildFile section */
		935F81AA1C107F0600611732 /* AppDelegate.swift in Sources */ = {isa = PBXBuildFile; fileRef = 935F81A91C107F0600611732 /* AppDelegate.swift */; };
		935F81AC1C107F0600611732 /* ViewController.swift in Sources */ = {isa = PBXBuildFile; fileRef = 935F81AB1C107F0600611732 /* ViewController.swift */; };
		935F81AF1C107F0700611732 /* Main.storyboard in Resources */ = {isa = PBXBuildFile; fileRef = 935F81AD1C107F0700611732 /* Main.storyboard */; };
		935F81B21C107F0700611732 /* BlocSpot2.xcdatamodeld in Sources */ = {isa = PBXBuildFile; fileRef = 935F81B01C107F0700611732 /* BlocSpot2.xcdatamodeld */; };
		935F81B41C107F0700611732 /* Assets.xcassets in Resources */ = {isa = PBXBuildFile; fileRef = 935F81B31C107F0700611732 /* Assets.xcassets */; };
		935F81B71C107F0700611732 /* LaunchScreen.storyboard in Resources */ = {isa = PBXBuildFile; fileRef = 935F81B51C107F0700611732 /* LaunchScreen.storyboard */; };
		935F81C21C107F0700611732 /* BlocSpot2Tests.swift in Sources */ = {isa = PBXBuildFile; fileRef = 935F81C11C107F0700611732 /* BlocSpot2Tests.swift */; };
		935F81CD1C107F0700611732 /* BlocSpot2UITests.swift in Sources */ = {isa = PBXBuildFile; fileRef = 935F81CC1C107F0700611732 /* BlocSpot2UITests.swift */; };
		935F81DB1C107F2100611732 /* MapKit.framework in Frameworks */ = {isa = PBXBuildFile; fileRef = 935F81DA1C107F2100611732 /* MapKit.framework */; };
		935F81DD1C107F4200611732 /* CoreLocation.framework in Frameworks */ = {isa = PBXBuildFile; fileRef = 935F81DC1C107F4200611732 /* CoreLocation.framework */; };
		935F81DF1C107F4900611732 /* CoreData.framework in Frameworks */ = {isa = PBXBuildFile; fileRef = 935F81DE1C107F4900611732 /* CoreData.framework */; };
		935F81E51C1080B000611732 /* PlacesDetailViewController.swift in Sources */ = {isa = PBXBuildFile; fileRef = 935F81E41C1080B000611732 /* PlacesDetailViewController.swift */; };
		935F81EA1C10A8CE00611732 /* PlacesDetails+CoreDataProperties.swift in Sources */ = {isa = PBXBuildFile; fileRef = 935F81E61C10A8CE00611732 /* PlacesDetails+CoreDataProperties.swift */; };
		935F81EB1C10A8CE00611732 /* PlacesDetails.swift in Sources */ = {isa = PBXBuildFile; fileRef = 935F81E71C10A8CE00611732 /* PlacesDetails.swift */; };
		935F81EC1C10A8CE00611732 /* Places+CoreDataProperties.swift in Sources */ = {isa = PBXBuildFile; fileRef = 935F81E81C10A8CE00611732 /* Places+CoreDataProperties.swift */; };
		935F81ED1C10A8CE00611732 /* Places.swift in Sources */ = {isa = PBXBuildFile; fileRef = 935F81E91C10A8CE00611732 /* Places.swift */; };
		935F81EF1C1497C800611732 /* PlacesDetailTableTableViewController.swift in Sources */ = {isa = PBXBuildFile; fileRef = 935F81EE1C1497C800611732 /* PlacesDetailTableTableViewController.swift */; };
/* End PBXBuildFile section */

/* Begin PBXContainerItemProxy section */
		935F81BE1C107F0700611732 /* PBXContainerItemProxy */ = {
			isa = PBXContainerItemProxy;
			containerPortal = 935F819E1C107F0600611732 /* Project object */;
			proxyType = 1;
			remoteGlobalIDString = 935F81A51C107F0600611732;
			remoteInfo = BlocSpot2;
		};
		935F81C91C107F0700611732 /* PBXContainerItemProxy */ = {
			isa = PBXContainerItemProxy;
			containerPortal = 935F819E1C107F0600611732 /* Project object */;
			proxyType = 1;
			remoteGlobalIDString = 935F81A51C107F0600611732;
			remoteInfo = BlocSpot2;
		};
/* End PBXContainerItemProxy section */

/* Begin PBXFileReference section */
		935F81A61C107F0600611732 /* BlocSpot2.app */ = {isa = PBXFileReference; explicitFileType = wrapper.application; includeInIndex = 0; path = BlocSpot2.app; sourceTree = BUILT_PRODUCTS_DIR; };
		935F81A91C107F0600611732 /* AppDelegate.swift */ = {isa = PBXFileReference; lastKnownFileType = sourcecode.swift; path = AppDelegate.swift; sourceTree = "<group>"; };
		935F81AB1C107F0600611732 /* ViewController.swift */ = {isa = PBXFileReference; lastKnownFileType = sourcecode.swift; path = ViewController.swift; sourceTree = "<group>"; };
		935F81AE1C107F0700611732 /* Base */ = {isa = PBXFileReference; lastKnownFileType = file.storyboard; name = Base; path = Base.lproj/Main.storyboard; sourceTree = "<group>"; };
		935F81B11C107F0700611732 /* BlocSpot2.xcdatamodel */ = {isa = PBXFileReference; lastKnownFileType = wrapper.xcdatamodel; path = BlocSpot2.xcdatamodel; sourceTree = "<group>"; };
		935F81B31C107F0700611732 /* Assets.xcassets */ = {isa = PBXFileReference; lastKnownFileType = folder.assetcatalog; path = Assets.xcassets; sourceTree = "<group>"; };
		935F81B61C107F0700611732 /* Base */ = {isa = PBXFileReference; lastKnownFileType = file.storyboard; name = Base; path = Base.lproj/LaunchScreen.storyboard; sourceTree = "<group>"; };
		935F81B81C107F0700611732 /* Info.plist */ = {isa = PBXFileReference; lastKnownFileType = text.plist.xml; path = Info.plist; sourceTree = "<group>"; };
		935F81BD1C107F0700611732 /* BlocSpot2Tests.xctest */ = {isa = PBXFileReference; explicitFileType = wrapper.cfbundle; includeInIndex = 0; path = BlocSpot2Tests.xctest; sourceTree = BUILT_PRODUCTS_DIR; };
		935F81C11C107F0700611732 /* BlocSpot2Tests.swift */ = {isa = PBXFileReference; lastKnownFileType = sourcecode.swift; path = BlocSpot2Tests.swift; sourceTree = "<group>"; };
		935F81C31C107F0700611732 /* Info.plist */ = {isa = PBXFileReference; lastKnownFileType = text.plist.xml; path = Info.plist; sourceTree = "<group>"; };
		935F81C81C107F0700611732 /* BlocSpot2UITests.xctest */ = {isa = PBXFileReference; explicitFileType = wrapper.cfbundle; includeInIndex = 0; path = BlocSpot2UITests.xctest; sourceTree = BUILT_PRODUCTS_DIR; };
		935F81CC1C107F0700611732 /* BlocSpot2UITests.swift */ = {isa = PBXFileReference; lastKnownFileType = sourcecode.swift; path = BlocSpot2UITests.swift; sourceTree = "<group>"; };
		935F81CE1C107F0700611732 /* Info.plist */ = {isa = PBXFileReference; lastKnownFileType = text.plist.xml; path = Info.plist; sourceTree = "<group>"; };
		935F81DA1C107F2100611732 /* MapKit.framework */ = {isa = PBXFileReference; lastKnownFileType = wrapper.framework; name = MapKit.framework; path = System/Library/Frameworks/MapKit.framework; sourceTree = SDKROOT; };
		935F81DC1C107F4200611732 /* CoreLocation.framework */ = {isa = PBXFileReference; lastKnownFileType = wrapper.framework; name = CoreLocation.framework; path = System/Library/Frameworks/CoreLocation.framework; sourceTree = SDKROOT; };
		935F81DE1C107F4900611732 /* CoreData.framework */ = {isa = PBXFileReference; lastKnownFileType = wrapper.framework; name = CoreData.framework; path = System/Library/Frameworks/CoreData.framework; sourceTree = SDKROOT; };
		935F81E41C1080B000611732 /* PlacesDetailViewController.swift */ = {isa = PBXFileReference; fileEncoding = 4; lastKnownFileType = sourcecode.swift; path = PlacesDetailViewController.swift; sourceTree = "<group>"; };
		935F81E61C10A8CE00611732 /* PlacesDetails+CoreDataProperties.swift */ = {isa = PBXFileReference; fileEncoding = 4; lastKnownFileType = sourcecode.swift; name = "PlacesDetails+CoreDataProperties.swift"; path = "../PlacesDetails+CoreDataProperties.swift"; sourceTree = "<group>"; };
		935F81E71C10A8CE00611732 /* PlacesDetails.swift */ = {isa = PBXFileReference; fileEncoding = 4; lastKnownFileType = sourcecode.swift; name = PlacesDetails.swift; path = ../PlacesDetails.swift; sourceTree = "<group>"; };
		935F81E81C10A8CE00611732 /* Places+CoreDataProperties.swift */ = {isa = PBXFileReference; fileEncoding = 4; lastKnownFileType = sourcecode.swift; name = "Places+CoreDataProperties.swift"; path = "../Places+CoreDataProperties.swift"; sourceTree = "<group>"; };
		935F81E91C10A8CE00611732 /* Places.swift */ = {isa = PBXFileReference; fileEncoding = 4; lastKnownFileType = sourcecode.swift; name = Places.swift; path = ../Places.swift; sourceTree = "<group>"; };
		935F81EE1C1497C800611732 /* PlacesDetailTableTableViewController.swift */ = {isa = PBXFileReference; fileEncoding = 4; lastKnownFileType = sourcecode.swift; path = PlacesDetailTableTableViewController.swift; sourceTree = "<group>"; };
/* End PBXFileReference section */

/* Begin PBXFrameworksBuildPhase section */
		935F81A31C107F0600611732 /* Frameworks */ = {
			isa = PBXFrameworksBuildPhase;
			buildActionMask = 2147483647;
			files = (
				935F81DF1C107F4900611732 /* CoreData.framework in Frameworks */,
				935F81DD1C107F4200611732 /* CoreLocation.framework in Frameworks */,
				935F81DB1C107F2100611732 /* MapKit.framework in Frameworks */,
			);
			runOnlyForDeploymentPostprocessing = 0;
		};
		935F81BA1C107F0700611732 /* Frameworks */ = {
			isa = PBXFrameworksBuildPhase;
			buildActionMask = 2147483647;
			files = (
			);
			runOnlyForDeploymentPostprocessing = 0;
		};
		935F81C51C107F0700611732 /* Frameworks */ = {
			isa = PBXFrameworksBuildPhase;
			buildActionMask = 2147483647;
			files = (
			);
			runOnlyForDeploymentPostprocessing = 0;
		};
/* End PBXFrameworksBuildPhase section */

/* Begin PBXGroup section */
		935F819D1C107F0600611732 = {
			isa = PBXGroup;
			children = (
				935F81DE1C107F4900611732 /* CoreData.framework */,
				935F81DC1C107F4200611732 /* CoreLocation.framework */,
				935F81DA1C107F2100611732 /* MapKit.framework */,
				935F81A81C107F0600611732 /* BlocSpot2 */,
				935F81C01C107F0700611732 /* BlocSpot2Tests */,
				935F81CB1C107F0700611732 /* BlocSpot2UITests */,
				935F81A71C107F0600611732 /* Products */,
			);
			sourceTree = "<group>";
		};
		935F81A71C107F0600611732 /* Products */ = {
			isa = PBXGroup;
			children = (
				935F81A61C107F0600611732 /* BlocSpot2.app */,
				935F81BD1C107F0700611732 /* BlocSpot2Tests.xctest */,
				935F81C81C107F0700611732 /* BlocSpot2UITests.xctest */,
			);
			name = Products;
			sourceTree = "<group>";
		};
		935F81A81C107F0600611732 /* BlocSpot2 */ = {
			isa = PBXGroup;
			children = (
				935F81E31C107F7B00611732 /* ViewControllers */,
				935F81E21C107F7000611732 /* DataControllers */,
				935F81E11C107F6800611732 /* Model */,
				935F81E01C107F5600611732 /* CoreDataManager */,
				935F81AD1C107F0700611732 /* Main.storyboard */,
				935F81B31C107F0700611732 /* Assets.xcassets */,
				935F81B51C107F0700611732 /* LaunchScreen.storyboard */,
				935F81B81C107F0700611732 /* Info.plist */,
				935F81B01C107F0700611732 /* BlocSpot2.xcdatamodeld */,
			);
			path = BlocSpot2;
			sourceTree = "<group>";
		};
		935F81C01C107F0700611732 /* BlocSpot2Tests */ = {
			isa = PBXGroup;
			children = (
				935F81C11C107F0700611732 /* BlocSpot2Tests.swift */,
				935F81C31C107F0700611732 /* Info.plist */,
			);
			path = BlocSpot2Tests;
			sourceTree = "<group>";
		};
		935F81CB1C107F0700611732 /* BlocSpot2UITests */ = {
			isa = PBXGroup;
			children = (
				935F81CC1C107F0700611732 /* BlocSpot2UITests.swift */,
				935F81CE1C107F0700611732 /* Info.plist */,
			);
			path = BlocSpot2UITests;
			sourceTree = "<group>";
		};
		935F81E01C107F5600611732 /* CoreDataManager */ = {
			isa = PBXGroup;
			children = (
				935F81A91C107F0600611732 /* AppDelegate.swift */,
			);
			name = CoreDataManager;
			sourceTree = "<group>";
		};
		935F81E11C107F6800611732 /* Model */ = {
			isa = PBXGroup;
			children = (
			);
			name = Model;
			sourceTree = "<group>";
		};
		935F81E21C107F7000611732 /* DataControllers */ = {
			isa = PBXGroup;
			children = (
				935F81E61C10A8CE00611732 /* PlacesDetails+CoreDataProperties.swift */,
				935F81E71C10A8CE00611732 /* PlacesDetails.swift */,
				935F81E81C10A8CE00611732 /* Places+CoreDataProperties.swift */,
				935F81E91C10A8CE00611732 /* Places.swift */,
			);
			name = DataControllers;
			sourceTree = "<group>";
		};
		935F81E31C107F7B00611732 /* ViewControllers */ = {
			isa = PBXGroup;
			children = (
				935F81E41C1080B000611732 /* PlacesDetailViewController.swift */,
				935F81EE1C1497C800611732 /* PlacesDetailTableTableViewController.swift */,
				935F81AB1C107F0600611732 /* ViewController.swift */,
			);
			name = ViewControllers;
			sourceTree = "<group>";
		};
/* End PBXGroup section */

/* Begin PBXNativeTarget section */
		935F81A51C107F0600611732 /* BlocSpot2 */ = {
			isa = PBXNativeTarget;
			buildConfigurationList = 935F81D11C107F0700611732 /* Build configuration list for PBXNativeTarget "BlocSpot2" */;
			buildPhases = (
				935F81A21C107F0600611732 /* Sources */,
				935F81A31C107F0600611732 /* Frameworks */,
				935F81A41C107F0600611732 /* Resources */,
			);
			buildRules = (
			);
			dependencies = (
			);
			name = BlocSpot2;
			productName = BlocSpot2;
			productReference = 935F81A61C107F0600611732 /* BlocSpot2.app */;
			productType = "com.apple.product-type.application";
		};
		935F81BC1C107F0700611732 /* BlocSpot2Tests */ = {
			isa = PBXNativeTarget;
			buildConfigurationList = 935F81D41C107F0700611732 /* Build configuration list for PBXNativeTarget "BlocSpot2Tests" */;
			buildPhases = (
				935F81B91C107F0700611732 /* Sources */,
				935F81BA1C107F0700611732 /* Frameworks */,
				935F81BB1C107F0700611732 /* Resources */,
			);
			buildRules = (
			);
			dependencies = (
				935F81BF1C107F0700611732 /* PBXTargetDependency */,
			);
			name = BlocSpot2Tests;
			productName = BlocSpot2Tests;
			productReference = 935F81BD1C107F0700611732 /* BlocSpot2Tests.xctest */;
			productType = "com.apple.product-type.bundle.unit-test";
		};
		935F81C71C107F0700611732 /* BlocSpot2UITests */ = {
			isa = PBXNativeTarget;
			buildConfigurationList = 935F81D71C107F0700611732 /* Build configuration list for PBXNativeTarget "BlocSpot2UITests" */;
			buildPhases = (
				935F81C41C107F0700611732 /* Sources */,
				935F81C51C107F0700611732 /* Frameworks */,
				935F81C61C107F0700611732 /* Resources */,
			);
			buildRules = (
			);
			dependencies = (
				935F81CA1C107F0700611732 /* PBXTargetDependency */,
			);
			name = BlocSpot2UITests;
			productName = BlocSpot2UITests;
			productReference = 935F81C81C107F0700611732 /* BlocSpot2UITests.xctest */;
			productType = "com.apple.product-type.bundle.ui-testing";
		};
/* End PBXNativeTarget section */

/* Begin PBXProject section */
		935F819E1C107F0600611732 /* Project object */ = {
			isa = PBXProject;
			attributes = {
				LastSwiftUpdateCheck = 0710;
				LastUpgradeCheck = 0710;
				ORGANIZATIONNAME = "Eric Chamberlin";
				TargetAttributes = {
					935F81A51C107F0600611732 = {
						CreatedOnToolsVersion = 7.1.1;
						SystemCapabilities = {
							com.apple.Maps.iOS = {
								enabled = 1;
							};
						};
					};
					935F81BC1C107F0700611732 = {
						CreatedOnToolsVersion = 7.1.1;
						TestTargetID = 935F81A51C107F0600611732;
					};
					935F81C71C107F0700611732 = {
						CreatedOnToolsVersion = 7.1.1;
						TestTargetID = 935F81A51C107F0600611732;
					};
				};
			};
			buildConfigurationList = 935F81A11C107F0600611732 /* Build configuration list for PBXProject "BlocSpot2" */;
			compatibilityVersion = "Xcode 3.2";
			developmentRegion = English;
			hasScannedForEncodings = 0;
			knownRegions = (
				en,
				Base,
			);
			mainGroup = 935F819D1C107F0600611732;
			productRefGroup = 935F81A71C107F0600611732 /* Products */;
			projectDirPath = "";
			projectRoot = "";
			targets = (
				935F81A51C107F0600611732 /* BlocSpot2 */,
				935F81BC1C107F0700611732 /* BlocSpot2Tests */,
				935F81C71C107F0700611732 /* BlocSpot2UITests */,
			);
		};
/* End PBXProject section */

/* Begin PBXResourcesBuildPhase section */
		935F81A41C107F0600611732 /* Resources */ = {
			isa = PBXResourcesBuildPhase;
			buildActionMask = 2147483647;
			files = (
				935F81B71C107F0700611732 /* LaunchScreen.storyboard in Resources */,
				935F81B41C107F0700611732 /* Assets.xcassets in Resources */,
				935F81AF1C107F0700611732 /* Main.storyboard in Resources */,
			);
			runOnlyForDeploymentPostprocessing = 0;
		};
		935F81BB1C107F0700611732 /* Resources */ = {
			isa = PBXResourcesBuildPhase;
			buildActionMask = 2147483647;
			files = (
			);
			runOnlyForDeploymentPostprocessing = 0;
		};
		935F81C61C107F0700611732 /* Resources */ = {
			isa = PBXResourcesBuildPhase;
			buildActionMask = 2147483647;
			files = (
			);
			runOnlyForDeploymentPostprocessing = 0;
		};
/* End PBXResourcesBuildPhase section */

/* Begin PBXSourcesBuildPhase section */
		935F81A21C107F0600611732 /* Sources */ = {
			isa = PBXSourcesBuildPhase;
			buildActionMask = 2147483647;
			files = (
				935F81EA1C10A8CE00611732 /* PlacesDetails+CoreDataProperties.swift in Sources */,
				935F81EC1C10A8CE00611732 /* Places+CoreDataProperties.swift in Sources */,
				935F81EF1C1497C800611732 /* PlacesDetailTableTableViewController.swift in Sources */,
				935F81AC1C107F0600611732 /* ViewController.swift in Sources */,
				935F81B21C107F0700611732 /* BlocSpot2.xcdatamodeld in Sources */,
				935F81E51C1080B000611732 /* PlacesDetailViewController.swift in Sources */,
				935F81EB1C10A8CE00611732 /* PlacesDetails.swift in Sources */,
				935F81AA1C107F0600611732 /* AppDelegate.swift in Sources */,
				935F81ED1C10A8CE00611732 /* Places.swift in Sources */,
			);
			runOnlyForDeploymentPostprocessing = 0;
		};
		935F81B91C107F0700611732 /* Sources */ = {
			isa = PBXSourcesBuildPhase;
			buildActionMask = 2147483647;
			files = (
				935F81C21C107F0700611732 /* BlocSpot2Tests.swift in Sources */,
			);
			runOnlyForDeploymentPostprocessing = 0;
		};
		935F81C41C107F0700611732 /* Sources */ = {
			isa = PBXSourcesBuildPhase;
			buildActionMask = 2147483647;
			files = (
				935F81CD1C107F0700611732 /* BlocSpot2UITests.swift in Sources */,
			);
			runOnlyForDeploymentPostprocessing = 0;
		};
/* End PBXSourcesBuildPhase section */

/* Begin PBXTargetDependency section */
		935F81BF1C107F0700611732 /* PBXTargetDependency */ = {
			isa = PBXTargetDependency;
			target = 935F81A51C107F0600611732 /* BlocSpot2 */;
			targetProxy = 935F81BE1C107F0700611732 /* PBXContainerItemProxy */;
		};
		935F81CA1C107F0700611732 /* PBXTargetDependency */ = {
			isa = PBXTargetDependency;
			target = 935F81A51C107F0600611732 /* BlocSpot2 */;
			targetProxy = 935F81C91C107F0700611732 /* PBXContainerItemProxy */;
		};
/* End PBXTargetDependency section */

/* Begin PBXVariantGroup section */
		935F81AD1C107F0700611732 /* Main.storyboard */ = {
			isa = PBXVariantGroup;
			children = (
				935F81AE1C107F0700611732 /* Base */,
			);
			name = Main.storyboard;
			sourceTree = "<group>";
		};
		935F81B51C107F0700611732 /* LaunchScreen.storyboard */ = {
			isa = PBXVariantGroup;
			children = (
				935F81B61C107F0700611732 /* Base */,
			);
			name = LaunchScreen.storyboard;
			sourceTree = "<group>";
		};
/* End PBXVariantGroup section */

/* Begin XCBuildConfiguration section */
		935F81CF1C107F0700611732 /* Debug */ = {
			isa = XCBuildConfiguration;
			buildSettings = {
				ALWAYS_SEARCH_USER_PATHS = NO;
				CLANG_CXX_LANGUAGE_STANDARD = "gnu++0x";
				CLANG_CXX_LIBRARY = "libc++";
				CLANG_ENABLE_MODULES = YES;
				CLANG_ENABLE_OBJC_ARC = YES;
				CLANG_WARN_BOOL_CONVERSION = YES;
				CLANG_WARN_CONSTANT_CONVERSION = YES;
				CLANG_WARN_DIRECT_OBJC_ISA_USAGE = YES_ERROR;
				CLANG_WARN_EMPTY_BODY = YES;
				CLANG_WARN_ENUM_CONVERSION = YES;
				CLANG_WARN_INT_CONVERSION = YES;
				CLANG_WARN_OBJC_ROOT_CLASS = YES_ERROR;
				CLANG_WARN_UNREACHABLE_CODE = YES;
				CLANG_WARN__DUPLICATE_METHOD_MATCH = YES;
				"CODE_SIGN_IDENTITY[sdk=iphoneos*]" = "iPhone Developer";
				COPY_PHASE_STRIP = NO;
				DEBUG_INFORMATION_FORMAT = dwarf;
				ENABLE_STRICT_OBJC_MSGSEND = YES;
				ENABLE_TESTABILITY = YES;
				GCC_C_LANGUAGE_STANDARD = gnu99;
				GCC_DYNAMIC_NO_PIC = NO;
				GCC_NO_COMMON_BLOCKS = YES;
				GCC_OPTIMIZATION_LEVEL = 0;
				GCC_PREPROCESSOR_DEFINITIONS = (
					"DEBUG=1",
					"$(inherited)",
				);
				GCC_WARN_64_TO_32_BIT_CONVERSION = YES;
				GCC_WARN_ABOUT_RETURN_TYPE = YES_ERROR;
				GCC_WARN_UNDECLARED_SELECTOR = YES;
				GCC_WARN_UNINITIALIZED_AUTOS = YES_AGGRESSIVE;
				GCC_WARN_UNUSED_FUNCTION = YES;
				GCC_WARN_UNUSED_VARIABLE = YES;
				IPHONEOS_DEPLOYMENT_TARGET = 9.1;
				MTL_ENABLE_DEBUG_INFO = YES;
				ONLY_ACTIVE_ARCH = YES;
				SDKROOT = iphoneos;
				SWIFT_OPTIMIZATION_LEVEL = "-Onone";
				TARGETED_DEVICE_FAMILY = "1,2";
			};
			name = Debug;
		};
		935F81D01C107F0700611732 /* Release */ = {
			isa = XCBuildConfiguration;
			buildSettings = {
				ALWAYS_SEARCH_USER_PATHS = NO;
				CLANG_CXX_LANGUAGE_STANDARD = "gnu++0x";
				CLANG_CXX_LIBRARY = "libc++";
				CLANG_ENABLE_MODULES = YES;
				CLANG_ENABLE_OBJC_ARC = YES;
				CLANG_WARN_BOOL_CONVERSION = YES;
				CLANG_WARN_CONSTANT_CONVERSION = YES;
				CLANG_WARN_DIRECT_OBJC_ISA_USAGE = YES_ERROR;
				CLANG_WARN_EMPTY_BODY = YES;
				CLANG_WARN_ENUM_CONVERSION = YES;
				CLANG_WARN_INT_CONVERSION = YES;
				CLANG_WARN_OBJC_ROOT_CLASS = YES_ERROR;
				CLANG_WARN_UNREACHABLE_CODE = YES;
				CLANG_WARN__DUPLICATE_METHOD_MATCH = YES;
				"CODE_SIGN_IDENTITY[sdk=iphoneos*]" = "iPhone Developer";
				COPY_PHASE_STRIP = NO;
				DEBUG_INFORMATION_FORMAT = "dwarf-with-dsym";
				ENABLE_NS_ASSERTIONS = NO;
				ENABLE_STRICT_OBJC_MSGSEND = YES;
				GCC_C_LANGUAGE_STANDARD = gnu99;
				GCC_NO_COMMON_BLOCKS = YES;
				GCC_WARN_64_TO_32_BIT_CONVERSION = YES;
				GCC_WARN_ABOUT_RETURN_TYPE = YES_ERROR;
				GCC_WARN_UNDECLARED_SELECTOR = YES;
				GCC_WARN_UNINITIALIZED_AUTOS = YES_AGGRESSIVE;
				GCC_WARN_UNUSED_FUNCTION = YES;
				GCC_WARN_UNUSED_VARIABLE = YES;
				IPHONEOS_DEPLOYMENT_TARGET = 9.1;
				MTL_ENABLE_DEBUG_INFO = NO;
				SDKROOT = iphoneos;
				TARGETED_DEVICE_FAMILY = "1,2";
				VALIDATE_PRODUCT = YES;
			};
			name = Release;
		};
		935F81D21C107F0700611732 /* Debug */ = {
			isa = XCBuildConfiguration;
			buildSettings = {
				ASSETCATALOG_COMPILER_APPICON_NAME = AppIcon;
				INFOPLIST_FILE = BlocSpot2/Info.plist;
				LD_RUNPATH_SEARCH_PATHS = "$(inherited) @executable_path/Frameworks";
				PRODUCT_BUNDLE_IDENTIFIER = "com.eric-ehamberlin.BlocSpot2";
				PRODUCT_NAME = "$(TARGET_NAME)";
			};
			name = Debug;
		};
		935F81D31C107F0700611732 /* Release */ = {
			isa = XCBuildConfiguration;
			buildSettings = {
				ASSETCATALOG_COMPILER_APPICON_NAME = AppIcon;
				INFOPLIST_FILE = BlocSpot2/Info.plist;
				LD_RUNPATH_SEARCH_PATHS = "$(inherited) @executable_path/Frameworks";
				PRODUCT_BUNDLE_IDENTIFIER = "com.eric-ehamberlin.BlocSpot2";
				PRODUCT_NAME = "$(TARGET_NAME)";
			};
			name = Release;
		};
		935F81D51C107F0700611732 /* Debug */ = {
			isa = XCBuildConfiguration;
			buildSettings = {
				BUNDLE_LOADER = "$(TEST_HOST)";
				INFOPLIST_FILE = BlocSpot2Tests/Info.plist;
				LD_RUNPATH_SEARCH_PATHS = "$(inherited) @executable_path/Frameworks @loader_path/Frameworks";
				PRODUCT_BUNDLE_IDENTIFIER = "com.eric-ehamberlin.BlocSpot2Tests";
				PRODUCT_NAME = "$(TARGET_NAME)";
				TEST_HOST = "$(BUILT_PRODUCTS_DIR)/BlocSpot2.app/BlocSpot2";
			};
			name = Debug;
		};
		935F81D61C107F0700611732 /* Release */ = {
			isa = XCBuildConfiguration;
			buildSettings = {
				BUNDLE_LOADER = "$(TEST_HOST)";
				INFOPLIST_FILE = BlocSpot2Tests/Info.plist;
				LD_RUNPATH_SEARCH_PATHS = "$(inherited) @executable_path/Frameworks @loader_path/Frameworks";
				PRODUCT_BUNDLE_IDENTIFIER = "com.eric-ehamberlin.BlocSpot2Tests";
				PRODUCT_NAME = "$(TARGET_NAME)";
				TEST_HOST = "$(BUILT_PRODUCTS_DIR)/BlocSpot2.app/BlocSpot2";
			};
			name = Release;
		};
		935F81D81C107F0700611732 /* Debug */ = {
			isa = XCBuildConfiguration;
			buildSettings = {
				INFOPLIST_FILE = BlocSpot2UITests/Info.plist;
				LD_RUNPATH_SEARCH_PATHS = "$(inherited) @executable_path/Frameworks @loader_path/Frameworks";
				PRODUCT_BUNDLE_IDENTIFIER = "com.eric-ehamberlin.BlocSpot2UITests";
				PRODUCT_NAME = "$(TARGET_NAME)";
				TEST_TARGET_NAME = BlocSpot2;
				USES_XCTRUNNER = YES;
			};
			name = Debug;
		};
		935F81D91C107F0700611732 /* Release */ = {
			isa = XCBuildConfiguration;
			buildSettings = {
				INFOPLIST_FILE = BlocSpot2UITests/Info.plist;
				LD_RUNPATH_SEARCH_PATHS = "$(inherited) @executable_path/Frameworks @loader_path/Frameworks";
				PRODUCT_BUNDLE_IDENTIFIER = "com.eric-ehamberlin.BlocSpot2UITests";
				PRODUCT_NAME = "$(TARGET_NAME)";
				TEST_TARGET_NAME = BlocSpot2;
				USES_XCTRUNNER = YES;
			};
			name = Release;
		};
/* End XCBuildConfiguration section */

/* Begin XCConfigurationList section */
		935F81A11C107F0600611732 /* Build configuration list for PBXProject "BlocSpot2" */ = {
			isa = XCConfigurationList;
			buildConfigurations = (
				935F81CF1C107F0700611732 /* Debug */,
				935F81D01C107F0700611732 /* Release */,
			);
			defaultConfigurationIsVisible = 0;
			defaultConfigurationName = Release;
		};
		935F81D11C107F0700611732 /* Build configuration list for PBXNativeTarget "BlocSpot2" */ = {
			isa = XCConfigurationList;
			buildConfigurations = (
				935F81D21C107F0700611732 /* Debug */,
				935F81D31C107F0700611732 /* Release */,
			);
			defaultConfigurationIsVisible = 0;
		};
		935F81D41C107F0700611732 /* Build configuration list for PBXNativeTarget "BlocSpot2Tests" */ = {
			isa = XCConfigurationList;
			buildConfigurations = (
				935F81D51C107F0700611732 /* Debug */,
				935F81D61C107F0700611732 /* Release */,
			);
			defaultConfigurationIsVisible = 0;
		};
		935F81D71C107F0700611732 /* Build configuration list for PBXNativeTarget "BlocSpot2UITests" */ = {
			isa = XCConfigurationList;
			buildConfigurations = (
				935F81D81C107F0700611732 /* Debug */,
				935F81D91C107F0700611732 /* Release */,
			);
			defaultConfigurationIsVisible = 0;
		};
/* End XCConfigurationList section */

/* Begin XCVersionGroup section */
		935F81B01C107F0700611732 /* BlocSpot2.xcdatamodeld */ = {
			isa = XCVersionGroup;
			children = (
				935F81B11C107F0700611732 /* BlocSpot2.xcdatamodel */,
			);
			currentVersion = 935F81B11C107F0700611732 /* BlocSpot2.xcdatamodel */;
			path = BlocSpot2.xcdatamodeld;
			sourceTree = "<group>";
			versionGroupType = wrapper.xcdatamodel;
		};
/* End XCVersionGroup section */
	};
	rootObject = 935F819E1C107F0600611732 /* Project object */;
}
